// !$*UTF8*$!
{
	archiveVersion = 1;
	classes = {
	};
	objectVersion = 50;
	objects = {

/* Begin PBXBuildFile section */
		98528BD9259C1B36005FF9F1 /* AppDelegate.swift in Sources */ = {isa = PBXBuildFile; fileRef = 98528BD8259C1B36005FF9F1 /* AppDelegate.swift */; };
		98528BDB259C1B36005FF9F1 /* ViewController.swift in Sources */ = {isa = PBXBuildFile; fileRef = 98528BDA259C1B36005FF9F1 /* ViewController.swift */; };
		98528BDE259C1B36005FF9F1 /* Main.storyboard in Resources */ = {isa = PBXBuildFile; fileRef = 98528BDC259C1B36005FF9F1 /* Main.storyboard */; };
		98528BE1259C1B36005FF9F1 /* ClickWith.xcdatamodeld in Sources */ = {isa = PBXBuildFile; fileRef = 98528BDF259C1B36005FF9F1 /* ClickWith.xcdatamodeld */; };
		98528BE3259C1B37005FF9F1 /* Assets.xcassets in Resources */ = {isa = PBXBuildFile; fileRef = 98528BE2259C1B37005FF9F1 /* Assets.xcassets */; };
		98528BE6259C1B37005FF9F1 /* LaunchScreen.storyboard in Resources */ = {isa = PBXBuildFile; fileRef = 98528BE4259C1B37005FF9F1 /* LaunchScreen.storyboard */; };
		98528BF1259C1B37005FF9F1 /* ClickWithTests.swift in Sources */ = {isa = PBXBuildFile; fileRef = 98528BF0259C1B37005FF9F1 /* ClickWithTests.swift */; };
		98528BFC259C1B37005FF9F1 /* ClickWithUITests.swift in Sources */ = {isa = PBXBuildFile; fileRef = 98528BFB259C1B37005FF9F1 /* ClickWithUITests.swift */; };
/* End PBXBuildFile section */

/* Begin PBXContainerItemProxy section */
		98528BED259C1B37005FF9F1 /* PBXContainerItemProxy */ = {
			isa = PBXContainerItemProxy;
			containerPortal = 98528BCD259C1B36005FF9F1 /* Project object */;
			proxyType = 1;
			remoteGlobalIDString = 98528BD4259C1B36005FF9F1;
			remoteInfo = ClickWith;
		};
		98528BF8259C1B37005FF9F1 /* PBXContainerItemProxy */ = {
			isa = PBXContainerItemProxy;
			containerPortal = 98528BCD259C1B36005FF9F1 /* Project object */;
			proxyType = 1;
			remoteGlobalIDString = 98528BD4259C1B36005FF9F1;
			remoteInfo = ClickWith;
		};
/* End PBXContainerItemProxy section */

/* Begin PBXFileReference section */
		98528BD5259C1B36005FF9F1 /* ClickWith.app */ = {isa = PBXFileReference; explicitFileType = wrapper.application; includeInIndex = 0; path = ClickWith.app; sourceTree = BUILT_PRODUCTS_DIR; };
		98528BD8259C1B36005FF9F1 /* AppDelegate.swift */ = {isa = PBXFileReference; lastKnownFileType = sourcecode.swift; path = AppDelegate.swift; sourceTree = "<group>"; };
		98528BDA259C1B36005FF9F1 /* ViewController.swift */ = {isa = PBXFileReference; lastKnownFileType = sourcecode.swift; path = ViewController.swift; sourceTree = "<group>"; };
		98528BDD259C1B36005FF9F1 /* Base */ = {isa = PBXFileReference; lastKnownFileType = file.storyboard; name = Base; path = Base.lproj/Main.storyboard; sourceTree = "<group>"; };
		98528BE0259C1B36005FF9F1 /* ClickWith.xcdatamodel */ = {isa = PBXFileReference; lastKnownFileType = wrapper.xcdatamodel; path = ClickWith.xcdatamodel; sourceTree = "<group>"; };
		98528BE2259C1B37005FF9F1 /* Assets.xcassets */ = {isa = PBXFileReference; lastKnownFileType = folder.assetcatalog; path = Assets.xcassets; sourceTree = "<group>"; };
		98528BE5259C1B37005FF9F1 /* Base */ = {isa = PBXFileReference; lastKnownFileType = file.storyboard; name = Base; path = Base.lproj/LaunchScreen.storyboard; sourceTree = "<group>"; };
		98528BE7259C1B37005FF9F1 /* Info.plist */ = {isa = PBXFileReference; lastKnownFileType = text.plist.xml; path = Info.plist; sourceTree = "<group>"; };
		98528BEC259C1B37005FF9F1 /* ClickWithTests.xctest */ = {isa = PBXFileReference; explicitFileType = wrapper.cfbundle; includeInIndex = 0; path = ClickWithTests.xctest; sourceTree = BUILT_PRODUCTS_DIR; };
		98528BF0259C1B37005FF9F1 /* ClickWithTests.swift */ = {isa = PBXFileReference; lastKnownFileType = sourcecode.swift; path = ClickWithTests.swift; sourceTree = "<group>"; };
		98528BF2259C1B37005FF9F1 /* Info.plist */ = {isa = PBXFileReference; lastKnownFileType = text.plist.xml; path = Info.plist; sourceTree = "<group>"; };
		98528BF7259C1B37005FF9F1 /* ClickWithUITests.xctest */ = {isa = PBXFileReference; explicitFileType = wrapper.cfbundle; includeInIndex = 0; path = ClickWithUITests.xctest; sourceTree = BUILT_PRODUCTS_DIR; };
		98528BFB259C1B37005FF9F1 /* ClickWithUITests.swift */ = {isa = PBXFileReference; lastKnownFileType = sourcecode.swift; path = ClickWithUITests.swift; sourceTree = "<group>"; };
		98528BFD259C1B37005FF9F1 /* Info.plist */ = {isa = PBXFileReference; lastKnownFileType = text.plist.xml; path = Info.plist; sourceTree = "<group>"; };
/* End PBXFileReference section */

/* Begin PBXFrameworksBuildPhase section */
		98528BD2259C1B36005FF9F1 /* Frameworks */ = {
			isa = PBXFrameworksBuildPhase;
			buildActionMask = 2147483647;
			files = (
			);
			runOnlyForDeploymentPostprocessing = 0;
		};
		98528BE9259C1B37005FF9F1 /* Frameworks */ = {
			isa = PBXFrameworksBuildPhase;
			buildActionMask = 2147483647;
			files = (
			);
			runOnlyForDeploymentPostprocessing = 0;
		};
		98528BF4259C1B37005FF9F1 /* Frameworks */ = {
			isa = PBXFrameworksBuildPhase;
			buildActionMask = 2147483647;
			files = (
			);
			runOnlyForDeploymentPostprocessing = 0;
		};
/* End PBXFrameworksBuildPhase section */

/* Begin PBXGroup section */
		98528BCC259C1B36005FF9F1 = {
			isa = PBXGroup;
			children = (
				98528BD7259C1B36005FF9F1 /* ClickWith */,
				98528BEF259C1B37005FF9F1 /* ClickWithTests */,
				98528BFA259C1B37005FF9F1 /* ClickWithUITests */,
				98528BD6259C1B36005FF9F1 /* Products */,
			);
			sourceTree = "<group>";
		};
		98528BD6259C1B36005FF9F1 /* Products */ = {
			isa = PBXGroup;
			children = (
				98528BD5259C1B36005FF9F1 /* ClickWith.app */,
				98528BEC259C1B37005FF9F1 /* ClickWithTests.xctest */,
				98528BF7259C1B37005FF9F1 /* ClickWithUITests.xctest */,
			);
			name = Products;
			sourceTree = "<group>";
		};
		98528BD7259C1B36005FF9F1 /* ClickWith */ = {
			isa = PBXGroup;
			children = (
				98528BD8259C1B36005FF9F1 /* AppDelegate.swift */,
				98528BDA259C1B36005FF9F1 /* ViewController.swift */,
				98528BDC259C1B36005FF9F1 /* Main.storyboard */,
				98528BE2259C1B37005FF9F1 /* Assets.xcassets */,
				98528BE4259C1B37005FF9F1 /* LaunchScreen.storyboard */,
				98528BE7259C1B37005FF9F1 /* Info.plist */,
				98528BDF259C1B36005FF9F1 /* ClickWith.xcdatamodeld */,
			);
			path = ClickWith;
			sourceTree = "<group>";
		};
		98528BEF259C1B37005FF9F1 /* ClickWithTests */ = {
			isa = PBXGroup;
			children = (
				98528BF0259C1B37005FF9F1 /* ClickWithTests.swift */,
				98528BF2259C1B37005FF9F1 /* Info.plist */,
			);
			path = ClickWithTests;
			sourceTree = "<group>";
		};
		98528BFA259C1B37005FF9F1 /* ClickWithUITests */ = {
			isa = PBXGroup;
			children = (
				98528BFB259C1B37005FF9F1 /* ClickWithUITests.swift */,
				98528BFD259C1B37005FF9F1 /* Info.plist */,
			);
			path = ClickWithUITests;
			sourceTree = "<group>";
		};
/* End PBXGroup section */

/* Begin PBXNativeTarget section */
		98528BD4259C1B36005FF9F1 /* ClickWith */ = {
			isa = PBXNativeTarget;
			buildConfigurationList = 98528C00259C1B37005FF9F1 /* Build configuration list for PBXNativeTarget "ClickWith" */;
			buildPhases = (
				98528BD1259C1B36005FF9F1 /* Sources */,
				98528BD2259C1B36005FF9F1 /* Frameworks */,
				98528BD3259C1B36005FF9F1 /* Resources */,
			);
			buildRules = (
			);
			dependencies = (
			);
			name = ClickWith;
			productName = ClickWith;
			productReference = 98528BD5259C1B36005FF9F1 /* ClickWith.app */;
			productType = "com.apple.product-type.application";
		};
		98528BEB259C1B37005FF9F1 /* ClickWithTests */ = {
			isa = PBXNativeTarget;
			buildConfigurationList = 98528C03259C1B37005FF9F1 /* Build configuration list for PBXNativeTarget "ClickWithTests" */;
			buildPhases = (
				98528BE8259C1B37005FF9F1 /* Sources */,
				98528BE9259C1B37005FF9F1 /* Frameworks */,
				98528BEA259C1B37005FF9F1 /* Resources */,
			);
			buildRules = (
			);
			dependencies = (
				98528BEE259C1B37005FF9F1 /* PBXTargetDependency */,
			);
			name = ClickWithTests;
			productName = ClickWithTests;
			productReference = 98528BEC259C1B37005FF9F1 /* ClickWithTests.xctest */;
			productType = "com.apple.product-type.bundle.unit-test";
		};
		98528BF6259C1B37005FF9F1 /* ClickWithUITests */ = {
			isa = PBXNativeTarget;
			buildConfigurationList = 98528C06259C1B37005FF9F1 /* Build configuration list for PBXNativeTarget "ClickWithUITests" */;
			buildPhases = (
				98528BF3259C1B37005FF9F1 /* Sources */,
				98528BF4259C1B37005FF9F1 /* Frameworks */,
				98528BF5259C1B37005FF9F1 /* Resources */,
			);
			buildRules = (
			);
			dependencies = (
				98528BF9259C1B37005FF9F1 /* PBXTargetDependency */,
			);
			name = ClickWithUITests;
			productName = ClickWithUITests;
			productReference = 98528BF7259C1B37005FF9F1 /* ClickWithUITests.xctest */;
			productType = "com.apple.product-type.bundle.ui-testing";
		};
/* End PBXNativeTarget section */

/* Begin PBXProject section */
		98528BCD259C1B36005FF9F1 /* Project object */ = {
			isa = PBXProject;
			attributes = {
				LastSwiftUpdateCheck = 1010;
				LastUpgradeCheck = 1010;
				ORGANIZATIONNAME = "Kasun Wickramanayake";
				TargetAttributes = {
					98528BD4259C1B36005FF9F1 = {
						CreatedOnToolsVersion = 10.1;
					};
					98528BEB259C1B37005FF9F1 = {
						CreatedOnToolsVersion = 10.1;
						TestTargetID = 98528BD4259C1B36005FF9F1;
					};
					98528BF6259C1B37005FF9F1 = {
						CreatedOnToolsVersion = 10.1;
						TestTargetID = 98528BD4259C1B36005FF9F1;
					};
				};
			};
			buildConfigurationList = 98528BD0259C1B36005FF9F1 /* Build configuration list for PBXProject "ClickWith" */;
			compatibilityVersion = "Xcode 9.3";
			developmentRegion = en;
			hasScannedForEncodings = 0;
			knownRegions = (
				en,
				Base,
			);
			mainGroup = 98528BCC259C1B36005FF9F1;
			productRefGroup = 98528BD6259C1B36005FF9F1 /* Products */;
			projectDirPath = "";
			projectRoot = "";
			targets = (
				98528BD4259C1B36005FF9F1 /* ClickWith */,
				98528BEB259C1B37005FF9F1 /* ClickWithTests */,
				98528BF6259C1B37005FF9F1 /* ClickWithUITests */,
			);
		};
/* End PBXProject section */

/* Begin PBXResourcesBuildPhase section */
		98528BD3259C1B36005FF9F1 /* Resources */ = {
			isa = PBXResourcesBuildPhase;
			buildActionMask = 2147483647;
			files = (
				98528BE6259C1B37005FF9F1 /* LaunchScreen.storyboard in Resources */,
				98528BE3259C1B37005FF9F1 /* Assets.xcassets in Resources */,
				98528BDE259C1B36005FF9F1 /* Main.storyboard in Resources */,
			);
			runOnlyForDeploymentPostprocessing = 0;
		};
		98528BEA259C1B37005FF9F1 /* Resources */ = {
			isa = PBXResourcesBuildPhase;
			buildActionMask = 2147483647;
			files = (
			);
			runOnlyForDeploymentPostprocessing = 0;
		};
		98528BF5259C1B37005FF9F1 /* Resources */ = {
			isa = PBXResourcesBuildPhase;
			buildActionMask = 2147483647;
			files = (
			);
			runOnlyForDeploymentPostprocessing = 0;
		};
/* End PBXResourcesBuildPhase section */

/* Begin PBXSourcesBuildPhase section */
		98528BD1259C1B36005FF9F1 /* Sources */ = {
			isa = PBXSourcesBuildPhase;
			buildActionMask = 2147483647;
			files = (
				98528BDB259C1B36005FF9F1 /* ViewController.swift in Sources */,
				98528BE1259C1B36005FF9F1 /* ClickWith.xcdatamodeld in Sources */,
				98528BD9259C1B36005FF9F1 /* AppDelegate.swift in Sources */,
			);
			runOnlyForDeploymentPostprocessing = 0;
		};
		98528BE8259C1B37005FF9F1 /* Sources */ = {
			isa = PBXSourcesBuildPhase;
			buildActionMask = 2147483647;
			files = (
				98528BF1259C1B37005FF9F1 /* ClickWithTests.swift in Sources */,
			);
			runOnlyForDeploymentPostprocessing = 0;
		};
		98528BF3259C1B37005FF9F1 /* Sources */ = {
			isa = PBXSourcesBuildPhase;
			buildActionMask = 2147483647;
			files = (
				98528BFC259C1B37005FF9F1 /* ClickWithUITests.swift in Sources */,
			);
			runOnlyForDeploymentPostprocessing = 0;
		};
/* End PBXSourcesBuildPhase section */

/* Begin PBXTargetDependency section */
		98528BEE259C1B37005FF9F1 /* PBXTargetDependency */ = {
			isa = PBXTargetDependency;
			target = 98528BD4259C1B36005FF9F1 /* ClickWith */;
			targetProxy = 98528BED259C1B37005FF9F1 /* PBXContainerItemProxy */;
		};
		98528BF9259C1B37005FF9F1 /* PBXTargetDependency */ = {
			isa = PBXTargetDependency;
			target = 98528BD4259C1B36005FF9F1 /* ClickWith */;
			targetProxy = 98528BF8259C1B37005FF9F1 /* PBXContainerItemProxy */;
		};
/* End PBXTargetDependency section */

/* Begin PBXVariantGroup section */
		98528BDC259C1B36005FF9F1 /* Main.storyboard */ = {
			isa = PBXVariantGroup;
			children = (
				98528BDD259C1B36005FF9F1 /* Base */,
			);
			name = Main.storyboard;
			sourceTree = "<group>";
		};
		98528BE4259C1B37005FF9F1 /* LaunchScreen.storyboard */ = {
			isa = PBXVariantGroup;
			children = (
				98528BE5259C1B37005FF9F1 /* Base */,
			);
			name = LaunchScreen.storyboard;
			sourceTree = "<group>";
		};
/* End PBXVariantGroup section */

/* Begin XCBuildConfiguration section */
		98528BFE259C1B37005FF9F1 /* Debug */ = {
			isa = XCBuildConfiguration;
			buildSettings = {
				ALWAYS_SEARCH_USER_PATHS = NO;
				CLANG_ANALYZER_NONNULL = YES;
				CLANG_ANALYZER_NUMBER_OBJECT_CONVERSION = YES_AGGRESSIVE;
				CLANG_CXX_LANGUAGE_STANDARD = "gnu++14";
				CLANG_CXX_LIBRARY = "libc++";
				CLANG_ENABLE_MODULES = YES;
				CLANG_ENABLE_OBJC_ARC = YES;
				CLANG_ENABLE_OBJC_WEAK = YES;
				CLANG_WARN_BLOCK_CAPTURE_AUTORELEASING = YES;
				CLANG_WARN_BOOL_CONVERSION = YES;
				CLANG_WARN_COMMA = YES;
				CLANG_WARN_CONSTANT_CONVERSION = YES;
				CLANG_WARN_DEPRECATED_OBJC_IMPLEMENTATIONS = YES;
				CLANG_WARN_DIRECT_OBJC_ISA_USAGE = YES_ERROR;
				CLANG_WARN_DOCUMENTATION_COMMENTS = YES;
				CLANG_WARN_EMPTY_BODY = YES;
				CLANG_WARN_ENUM_CONVERSION = YES;
				CLANG_WARN_INFINITE_RECURSION = YES;
				CLANG_WARN_INT_CONVERSION = YES;
				CLANG_WARN_NON_LITERAL_NULL_CONVERSION = YES;
				CLANG_WARN_OBJC_IMPLICIT_RETAIN_SELF = YES;
				CLANG_WARN_OBJC_LITERAL_CONVERSION = YES;
				CLANG_WARN_OBJC_ROOT_CLASS = YES_ERROR;
				CLANG_WARN_RANGE_LOOP_ANALYSIS = YES;
				CLANG_WARN_STRICT_PROTOTYPES = YES;
				CLANG_WARN_SUSPICIOUS_MOVE = YES;
				CLANG_WARN_UNGUARDED_AVAILABILITY = YES_AGGRESSIVE;
				CLANG_WARN_UNREACHABLE_CODE = YES;
				CLANG_WARN__DUPLICATE_METHOD_MATCH = YES;
				CODE_SIGN_IDENTITY = "iPhone Developer";
				COPY_PHASE_STRIP = NO;
				DEBUG_INFORMATION_FORMAT = dwarf;
				ENABLE_STRICT_OBJC_MSGSEND = YES;
				ENABLE_TESTABILITY = YES;
				GCC_C_LANGUAGE_STANDARD = gnu11;
				GCC_DYNAMIC_NO_PIC = NO;
				GCC_NO_COMMON_BLOCKS = YES;
				GCC_OPTIMIZATION_LEVEL = 0;
				GCC_PREPROCESSOR_DEFINITIONS = (
					"DEBUG=1",
					"$(inherited)",
				);
				GCC_WARN_64_TO_32_BIT_CONVERSION = YES;
				GCC_WARN_ABOUT_RETURN_TYPE = YES_ERROR;
				GCC_WARN_UNDECLARED_SELECTOR = YES;
				GCC_WARN_UNINITIALIZED_AUTOS = YES_AGGRESSIVE;
				GCC_WARN_UNUSED_FUNCTION = YES;
				GCC_WARN_UNUSED_VARIABLE = YES;
				IPHONEOS_DEPLOYMENT_TARGET = 12.1;
				MTL_ENABLE_DEBUG_INFO = INCLUDE_SOURCE;
				MTL_FAST_MATH = YES;
				ONLY_ACTIVE_ARCH = YES;
				SDKROOT = iphoneos;
				SWIFT_ACTIVE_COMPILATION_CONDITIONS = DEBUG;
				SWIFT_OPTIMIZATION_LEVEL = "-Onone";
			};
			name = Debug;
		};
		98528BFF259C1B37005FF9F1 /* Release */ = {
			isa = XCBuildConfiguration;
			buildSettings = {
				ALWAYS_SEARCH_USER_PATHS = NO;
				CLANG_ANALYZER_NONNULL = YES;
				CLANG_ANALYZER_NUMBER_OBJECT_CONVERSION = YES_AGGRESSIVE;
				CLANG_CXX_LANGUAGE_STANDARD = "gnu++14";
				CLANG_CXX_LIBRARY = "libc++";
				CLANG_ENABLE_MODULES = YES;
				CLANG_ENABLE_OBJC_ARC = YES;
				CLANG_ENABLE_OBJC_WEAK = YES;
				CLANG_WARN_BLOCK_CAPTURE_AUTORELEASING = YES;
				CLANG_WARN_BOOL_CONVERSION = YES;
				CLANG_WARN_COMMA = YES;
				CLANG_WARN_CONSTANT_CONVERSION = YES;
				CLANG_WARN_DEPRECATED_OBJC_IMPLEMENTATIONS = YES;
				CLANG_WARN_DIRECT_OBJC_ISA_USAGE = YES_ERROR;
				CLANG_WARN_DOCUMENTATION_COMMENTS = YES;
				CLANG_WARN_EMPTY_BODY = YES;
				CLANG_WARN_ENUM_CONVERSION = YES;
				CLANG_WARN_INFINITE_RECURSION = YES;
				CLANG_WARN_INT_CONVERSION = YES;
				CLANG_WARN_NON_LITERAL_NULL_CONVERSION = YES;
				CLANG_WARN_OBJC_IMPLICIT_RETAIN_SELF = YES;
				CLANG_WARN_OBJC_LITERAL_CONVERSION = YES;
				CLANG_WARN_OBJC_ROOT_CLASS = YES_ERROR;
				CLANG_WARN_RANGE_LOOP_ANALYSIS = YES;
				CLANG_WARN_STRICT_PROTOTYPES = YES;
				CLANG_WARN_SUSPICIOUS_MOVE = YES;
				CLANG_WARN_UNGUARDED_AVAILABILITY = YES_AGGRESSIVE;
				CLANG_WARN_UNREACHABLE_CODE = YES;
				CLANG_WARN__DUPLICATE_METHOD_MATCH = YES;
				CODE_SIGN_IDENTITY = "iPhone Developer";
				COPY_PHASE_STRIP = NO;
				DEBUG_INFORMATION_FORMAT = "dwarf-with-dsym";
				ENABLE_NS_ASSERTIONS = NO;
				ENABLE_STRICT_OBJC_MSGSEND = YES;
				GCC_C_LANGUAGE_STANDARD = gnu11;
				GCC_NO_COMMON_BLOCKS = YES;
				GCC_WARN_64_TO_32_BIT_CONVERSION = YES;
				GCC_WARN_ABOUT_RETURN_TYPE = YES_ERROR;
				GCC_WARN_UNDECLARED_SELECTOR = YES;
				GCC_WARN_UNINITIALIZED_AUTOS = YES_AGGRESSIVE;
				GCC_WARN_UNUSED_FUNCTION = YES;
				GCC_WARN_UNUSED_VARIABLE = YES;
				IPHONEOS_DEPLOYMENT_TARGET = 12.1;
				MTL_ENABLE_DEBUG_INFO = NO;
				MTL_FAST_MATH = YES;
				SDKROOT = iphoneos;
				SWIFT_COMPILATION_MODE = wholemodule;
				SWIFT_OPTIMIZATION_LEVEL = "-O";
				VALIDATE_PRODUCT = YES;
			};
			name = Release;
		};
		98528C01259C1B37005FF9F1 /* Debug */ = {
			isa = XCBuildConfiguration;
			buildSettings = {
				ASSETCATALOG_COMPILER_APPICON_NAME = AppIcon;
				CODE_SIGN_STYLE = Automatic;
				INFOPLIST_FILE = ClickWith/Info.plist;
				LD_RUNPATH_SEARCH_PATHS = (
					"$(inherited)",
					"@executable_path/Frameworks",
				);
				PRODUCT_BUNDLE_IDENTIFIER = SmartLeaderApp.ClickWith;
				PRODUCT_NAME = "$(TARGET_NAME)";
				SWIFT_VERSION = 4.2;
				TARGETED_DEVICE_FAMILY = "1,2";
			};
			name = Debug;
		};
		98528C02259C1B37005FF9F1 /* Release */ = {
			isa = XCBuildConfiguration;
			buildSettings = {
				ASSETCATALOG_COMPILER_APPICON_NAME = AppIcon;
				CODE_SIGN_STYLE = Automatic;
				INFOPLIST_FILE = ClickWith/Info.plist;
				LD_RUNPATH_SEARCH_PATHS = (
					"$(inherited)",
					"@executable_path/Frameworks",
				);
				PRODUCT_BUNDLE_IDENTIFIER = SmartLeaderApp.ClickWith;
				PRODUCT_NAME = "$(TARGET_NAME)";
				SWIFT_VERSION = 4.2;
				TARGETED_DEVICE_FAMILY = "1,2";
			};
			name = Release;
		};
		98528C04259C1B37005FF9F1 /* Debug */ = {
			isa = XCBuildConfiguration;
			buildSettings = {
				ALWAYS_EMBED_SWIFT_STANDARD_LIBRARIES = YES;
				BUNDLE_LOADER = "$(TEST_HOST)";
				CODE_SIGN_STYLE = Automatic;
				INFOPLIST_FILE = ClickWithTests/Info.plist;
				LD_RUNPATH_SEARCH_PATHS = (
					"$(inherited)",
					"@executable_path/Frameworks",
					"@loader_path/Frameworks",
				);
				PRODUCT_BUNDLE_IDENTIFIER = SmartLeaderApp.ClickWithTests;
				PRODUCT_NAME = "$(TARGET_NAME)";
				SWIFT_VERSION = 4.2;
				TARGETED_DEVICE_FAMILY = "1,2";
				TEST_HOST = "$(BUILT_PRODUCTS_DIR)/ClickWith.app/ClickWith";
			};
			name = Debug;
		};
		98528C05259C1B37005FF9F1 /* Release */ = {
			isa = XCBuildConfiguration;
			buildSettings = {
				ALWAYS_EMBED_SWIFT_STANDARD_LIBRARIES = YES;
				BUNDLE_LOADER = "$(TEST_HOST)";
				CODE_SIGN_STYLE = Automatic;
				INFOPLIST_FILE = ClickWithTests/Info.plist;
				LD_RUNPATH_SEARCH_PATHS = (
					"$(inherited)",
					"@executable_path/Frameworks",
					"@loader_path/Frameworks",
				);
				PRODUCT_BUNDLE_IDENTIFIER = SmartLeaderApp.ClickWithTests;
				PRODUCT_NAME = "$(TARGET_NAME)";
				SWIFT_VERSION = 4.2;
				TARGETED_DEVICE_FAMILY = "1,2";
				TEST_HOST = "$(BUILT_PRODUCTS_DIR)/ClickWith.app/ClickWith";
			};
			name = Release;
		};
		98528C07259C1B37005FF9F1 /* Debug */ = {
			isa = XCBuildConfiguration;
			buildSettings = {
				ALWAYS_EMBED_SWIFT_STANDARD_LIBRARIES = YES;
				CODE_SIGN_STYLE = Automatic;
				INFOPLIST_FILE = ClickWithUITests/Info.plist;
				LD_RUNPATH_SEARCH_PATHS = (
					"$(inherited)",
					"@executable_path/Frameworks",
					"@loader_path/Frameworks",
				);
				PRODUCT_BUNDLE_IDENTIFIER = SmartLeaderApp.ClickWithUITests;
				PRODUCT_NAME = "$(TARGET_NAME)";
				SWIFT_VERSION = 4.2;
				TARGETED_DEVICE_FAMILY = "1,2";
				TEST_TARGET_NAME = ClickWith;
			};
			name = Debug;
		};
		98528C08259C1B37005FF9F1 /* Release */ = {
			isa = XCBuildConfiguration;
			buildSettings = {
				ALWAYS_EMBED_SWIFT_STANDARD_LIBRARIES = YES;
				CODE_SIGN_STYLE = Automatic;
				INFOPLIST_FILE = ClickWithUITests/Info.plist;
				LD_RUNPATH_SEARCH_PATHS = (
					"$(inherited)",
					"@executable_path/Frameworks",
					"@loader_path/Frameworks",
				);
				PRODUCT_BUNDLE_IDENTIFIER = SmartLeaderApp.ClickWithUITests;
				PRODUCT_NAME = "$(TARGET_NAME)";
				SWIFT_VERSION = 4.2;
				TARGETED_DEVICE_FAMILY = "1,2";
				TEST_TARGET_NAME = ClickWith;
			};
			name = Release;
		};
/* End XCBuildConfiguration section */

/* Begin XCConfigurationList section */
		98528BD0259C1B36005FF9F1 /* Build configuration list for PBXProject "ClickWith" */ = {
			isa = XCConfigurationList;
			buildConfigurations = (
				98528BFE259C1B37005FF9F1 /* Debug */,
				98528BFF259C1B37005FF9F1 /* Release */,
			);
			defaultConfigurationIsVisible = 0;
			defaultConfigurationName = Release;
		};
		98528C00259C1B37005FF9F1 /* Build configuration list for PBXNativeTarget "ClickWith" */ = {
			isa = XCConfigurationList;
			buildConfigurations = (
				98528C01259C1B37005FF9F1 /* Debug */,
				98528C02259C1B37005FF9F1 /* Release */,
			);
			defaultConfigurationIsVisible = 0;
			defaultConfigurationName = Release;
		};
		98528C03259C1B37005FF9F1 /* Build configuration list for PBXNativeTarget "ClickWithTests" */ = {
			isa = XCConfigurationList;
			buildConfigurations = (
				98528C04259C1B37005FF9F1 /* Debug */,
				98528C05259C1B37005FF9F1 /* Release */,
			);
			defaultConfigurationIsVisible = 0;
			defaultConfigurationName = Release;
		};
		98528C06259C1B37005FF9F1 /* Build configuration list for PBXNativeTarget "ClickWithUITests" */ = {
			isa = XCConfigurationList;
			buildConfigurations = (
				98528C07259C1B37005FF9F1 /* Debug */,
				98528C08259C1B37005FF9F1 /* Release */,
			);
			defaultConfigurationIsVisible = 0;
			defaultConfigurationName = Release;
		};
/* End XCConfigurationList section */

/* Begin XCVersionGroup section */
		98528BDF259C1B36005FF9F1 /* ClickWith.xcdatamodeld */ = {
			isa = XCVersionGroup;
			children = (
				98528BE0259C1B36005FF9F1 /* ClickWith.xcdatamodel */,
			);
			currentVersion = 98528BE0259C1B36005FF9F1 /* ClickWith.xcdatamodel */;
			path = ClickWith.xcdatamodeld;
			sourceTree = "<group>";
			versionGroupType = wrapper.xcdatamodel;
		};
/* End XCVersionGroup section */
	};
	rootObject = 98528BCD259C1B36005FF9F1 /* Project object */;
}
